
Microsoft Visual Studio Solution File, Format Version 12.00
# Visual Studio Version 16
VisualStudioVersion = 16.0.29905.134
MinimumVisualStudioVersion = 10.0.40219.1
Project("{9092AA53-FB77-4645-B42D-1CCCA6BD08BD}") = "BuyAndSellWebSite", "BuyAndSellWebSite\BuyAndSellWebSite.njsproj", "{D9D3B92A-BB49-42EE-8774-3D447A9EFF2B}"
EndProject
Global
	GlobalSection(SolutionConfigurationPlatforms) = preSolution
		Debug|Any CPU = Debug|Any CPU
		Release|Any CPU = Release|Any CPU
	EndGlobalSection
	GlobalSection(ProjectConfigurationPlatforms) = postSolution
		{D9D3B92A-BB49-42EE-8774-3D447A9EFF2B}.Debug|Any CPU.ActiveCfg = Debug|Any CPU
		{D9D3B92A-BB49-42EE-8774-3D447A9EFF2B}.Debug|Any CPU.Build.0 = Debug|Any CPU
		{D9D3B92A-BB49-42EE-8774-3D447A9EFF2B}.Release|Any CPU.ActiveCfg = Release|Any CPU
		{D9D3B92A-BB49-42EE-8774-3D447A9EFF2B}.Release|Any CPU.Build.0 = Release|Any CPU
	EndGlobalSection
	GlobalSection(SolutionProperties) = preSolution
		HideSolutionNode = FALSE
	EndGlobalSection
	GlobalSection(ExtensibilityGlobals) = postSolution
		SolutionGuid = {F8F715B2-4BD9-42F9-BDAF-CFC45023F58D}
	EndGlobalSection
EndGlobal
